
Microsoft Visual Studio Solution File, Format Version 12.00
# Visual Studio Version 16
VisualStudioVersion = 16.0.29728.190
MinimumVisualStudioVersion = 10.0.40219.1
Project("{FAE04EC0-301F-11D3-BF4B-00C04F79EFBC}") = "5.3 IMDB – GUI", "5.3 IMDB – GUI\5.3 IMDB – GUI.csproj", "{08C5A80C-CD58-46F7-B5BF-923679D257D5}"
EndProject
Global
	GlobalSection(SolutionConfigurationPlatforms) = preSolution
		Debug|Any CPU = Debug|Any CPU
		Release|Any CPU = Release|Any CPU
	EndGlobalSection
	GlobalSection(ProjectConfigurationPlatforms) = postSolution
		{08C5A80C-CD58-46F7-B5BF-923679D257D5}.Debug|Any CPU.ActiveCfg = Debug|Any CPU
		{08C5A80C-CD58-46F7-B5BF-923679D257D5}.Debug|Any CPU.Build.0 = Debug|Any CPU
		{08C5A80C-CD58-46F7-B5BF-923679D257D5}.Release|Any CPU.ActiveCfg = Release|Any CPU
		{08C5A80C-CD58-46F7-B5BF-923679D257D5}.Release|Any CPU.Build.0 = Release|Any CPU
	EndGlobalSection
	GlobalSection(SolutionProperties) = preSolution
		HideSolutionNode = FALSE
	EndGlobalSection
	GlobalSection(ExtensibilityGlobals) = postSolution
		SolutionGuid = {7CAF8F55-F3DA-48DC-A65A-E79C8A43CCD3}
	EndGlobalSection
EndGlobal
